// !$*UTF8*$!
{
	archiveVersion = 1;
	classes = {
	};
	objectVersion = 55;
	objects = {

/* Begin PBXBuildFile section */
		9370D18227059B5A00D12B82 /* AppDelegate.swift in Sources */ = {isa = PBXBuildFile; fileRef = 9370D18127059B5A00D12B82 /* AppDelegate.swift */; };
		9370D18427059B5A00D12B82 /* SceneDelegate.swift in Sources */ = {isa = PBXBuildFile; fileRef = 9370D18327059B5A00D12B82 /* SceneDelegate.swift */; };
		9370D18627059B5A00D12B82 /* HomeViewController.swift in Sources */ = {isa = PBXBuildFile; fileRef = 9370D18527059B5A00D12B82 /* HomeViewController.swift */; };
		9370D18927059B5A00D12B82 /* Home.storyboard in Resources */ = {isa = PBXBuildFile; fileRef = 9370D18727059B5A00D12B82 /* Home.storyboard */; };
		9370D18B27059B5C00D12B82 /* Assets.xcassets in Resources */ = {isa = PBXBuildFile; fileRef = 9370D18A27059B5C00D12B82 /* Assets.xcassets */; };
		9370D18E27059B5C00D12B82 /* LaunchScreen.storyboard in Resources */ = {isa = PBXBuildFile; fileRef = 9370D18C27059B5C00D12B82 /* LaunchScreen.storyboard */; };
		9370D19F2705A21600D12B82 /* NetworkController.swift in Sources */ = {isa = PBXBuildFile; fileRef = 9370D19E2705A21600D12B82 /* NetworkController.swift */; };
		9370D1A12705A27800D12B82 /* ChartTracksResponse.swift in Sources */ = {isa = PBXBuildFile; fileRef = 9370D1A02705A27800D12B82 /* ChartTracksResponse.swift */; };
		9370D1A32705A53C00D12B82 /* ErrorResponse.swift in Sources */ = {isa = PBXBuildFile; fileRef = 9370D1A22705A53C00D12B82 /* ErrorResponse.swift */; };
		9370D1A72705AD1500D12B82 /* TrackTableViewCell.swift in Sources */ = {isa = PBXBuildFile; fileRef = 9370D1A62705AD1500D12B82 /* TrackTableViewCell.swift */; };
		9370D1A92705B18C00D12B82 /* Details.storyboard in Resources */ = {isa = PBXBuildFile; fileRef = 9370D1A82705B18C00D12B82 /* Details.storyboard */; };
		9370D1AB2705B1A500D12B82 /* DetailsViewController.swift in Sources */ = {isa = PBXBuildFile; fileRef = 9370D1AA2705B1A500D12B82 /* DetailsViewController.swift */; };
		9370D1AD2705B84000D12B82 /* UIView+Modifications.swift in Sources */ = {isa = PBXBuildFile; fileRef = 9370D1AC2705B84000D12B82 /* UIView+Modifications.swift */; };
/* End PBXBuildFile section */

/* Begin PBXFileReference section */
		9370D17E27059B5A00D12B82 /* TopPop.app */ = {isa = PBXFileReference; explicitFileType = wrapper.application; includeInIndex = 0; path = TopPop.app; sourceTree = BUILT_PRODUCTS_DIR; };
		9370D18127059B5A00D12B82 /* AppDelegate.swift */ = {isa = PBXFileReference; lastKnownFileType = sourcecode.swift; path = AppDelegate.swift; sourceTree = "<group>"; };
		9370D18327059B5A00D12B82 /* SceneDelegate.swift */ = {isa = PBXFileReference; lastKnownFileType = sourcecode.swift; path = SceneDelegate.swift; sourceTree = "<group>"; };
		9370D18527059B5A00D12B82 /* HomeViewController.swift */ = {isa = PBXFileReference; lastKnownFileType = sourcecode.swift; path = HomeViewController.swift; sourceTree = "<group>"; };
		9370D18827059B5A00D12B82 /* Base */ = {isa = PBXFileReference; lastKnownFileType = file.storyboard; name = Base; path = Base.lproj/Home.storyboard; sourceTree = "<group>"; };
		9370D18A27059B5C00D12B82 /* Assets.xcassets */ = {isa = PBXFileReference; lastKnownFileType = folder.assetcatalog; path = Assets.xcassets; sourceTree = "<group>"; };
		9370D18D27059B5C00D12B82 /* Base */ = {isa = PBXFileReference; lastKnownFileType = file.storyboard; name = Base; path = Base.lproj/LaunchScreen.storyboard; sourceTree = "<group>"; };
		9370D18F27059B5C00D12B82 /* Info.plist */ = {isa = PBXFileReference; lastKnownFileType = text.plist.xml; name = Info.plist; path = "TopPop/Supporting Files/Info.plist"; sourceTree = SOURCE_ROOT; };
		9370D19E2705A21600D12B82 /* NetworkController.swift */ = {isa = PBXFileReference; lastKnownFileType = sourcecode.swift; path = NetworkController.swift; sourceTree = "<group>"; };
		9370D1A02705A27800D12B82 /* ChartTracksResponse.swift */ = {isa = PBXFileReference; lastKnownFileType = sourcecode.swift; path = ChartTracksResponse.swift; sourceTree = "<group>"; };
		9370D1A22705A53C00D12B82 /* ErrorResponse.swift */ = {isa = PBXFileReference; lastKnownFileType = sourcecode.swift; path = ErrorResponse.swift; sourceTree = "<group>"; };
		9370D1A62705AD1500D12B82 /* TrackTableViewCell.swift */ = {isa = PBXFileReference; lastKnownFileType = sourcecode.swift; path = TrackTableViewCell.swift; sourceTree = "<group>"; };
		9370D1A82705B18C00D12B82 /* Details.storyboard */ = {isa = PBXFileReference; lastKnownFileType = file.storyboard; path = Details.storyboard; sourceTree = "<group>"; };
		9370D1AA2705B1A500D12B82 /* DetailsViewController.swift */ = {isa = PBXFileReference; lastKnownFileType = sourcecode.swift; path = DetailsViewController.swift; sourceTree = "<group>"; };
		9370D1AC2705B84000D12B82 /* UIView+Modifications.swift */ = {isa = PBXFileReference; lastKnownFileType = sourcecode.swift; path = "UIView+Modifications.swift"; sourceTree = "<group>"; };
/* End PBXFileReference section */

/* Begin PBXFrameworksBuildPhase section */
		9370D17B27059B5A00D12B82 /* Frameworks */ = {
			isa = PBXFrameworksBuildPhase;
			buildActionMask = 2147483647;
			files = (
			);
			runOnlyForDeploymentPostprocessing = 0;
		};
/* End PBXFrameworksBuildPhase section */

/* Begin PBXGroup section */
		9370D17527059B5A00D12B82 = {
			isa = PBXGroup;
			children = (
				9370D18027059B5A00D12B82 /* TopPop */,
				9370D17F27059B5A00D12B82 /* Products */,
			);
			sourceTree = "<group>";
		};
		9370D17F27059B5A00D12B82 /* Products */ = {
			isa = PBXGroup;
			children = (
				9370D17E27059B5A00D12B82 /* TopPop.app */,
			);
			name = Products;
			sourceTree = "<group>";
		};
		9370D18027059B5A00D12B82 /* TopPop */ = {
			isa = PBXGroup;
			children = (
				9370D19927059BBC00D12B82 /* Resources */,
				9370D19827059BA700D12B82 /* Models */,
				9370D19727059B9F00D12B82 /* Networking */,
				9370D19627059B8600D12B82 /* Supporting Files */,
				9370D19527059B7B00D12B82 /* Extensions */,
				9370D19A27059BC500D12B82 /* Screens */,
			);
			path = TopPop;
			sourceTree = "<group>";
		};
		9370D19527059B7B00D12B82 /* Extensions */ = {
			isa = PBXGroup;
			children = (
				9370D1AC2705B84000D12B82 /* UIView+Modifications.swift */,
			);
			path = Extensions;
			sourceTree = "<group>";
		};
		9370D19627059B8600D12B82 /* Supporting Files */ = {
			isa = PBXGroup;
			children = (
				9370D18127059B5A00D12B82 /* AppDelegate.swift */,
				9370D18327059B5A00D12B82 /* SceneDelegate.swift */,
				9370D18F27059B5C00D12B82 /* Info.plist */,
			);
			path = "Supporting Files";
			sourceTree = "<group>";
		};
		9370D19727059B9F00D12B82 /* Networking */ = {
			isa = PBXGroup;
			children = (
				9370D19E2705A21600D12B82 /* NetworkController.swift */,
			);
			path = Networking;
			sourceTree = "<group>";
		};
		9370D19827059BA700D12B82 /* Models */ = {
			isa = PBXGroup;
			children = (
				9370D1A02705A27800D12B82 /* ChartTracksResponse.swift */,
				9370D1A22705A53C00D12B82 /* ErrorResponse.swift */,
			);
			path = Models;
			sourceTree = "<group>";
		};
		9370D19927059BBC00D12B82 /* Resources */ = {
			isa = PBXGroup;
			children = (
				9370D18A27059B5C00D12B82 /* Assets.xcassets */,
			);
			path = Resources;
			sourceTree = "<group>";
		};
		9370D19A27059BC500D12B82 /* Screens */ = {
			isa = PBXGroup;
			children = (
				9370D1A52705ACF900D12B82 /* CustomTableViewCells */,
				9370D19D27059C0100D12B82 /* LaunchScreen */,
				9370D19B27059BCE00D12B82 /* HomeScreen */,
				9370D19C27059BDB00D12B82 /* DetailsScreen */,
			);
			path = Screens;
			sourceTree = "<group>";
		};
		9370D19B27059BCE00D12B82 /* HomeScreen */ = {
			isa = PBXGroup;
			children = (
				9370D18527059B5A00D12B82 /* HomeViewController.swift */,
				9370D18727059B5A00D12B82 /* Home.storyboard */,
			);
			path = HomeScreen;
			sourceTree = "<group>";
		};
		9370D19C27059BDB00D12B82 /* DetailsScreen */ = {
			isa = PBXGroup;
			children = (
				9370D1A82705B18C00D12B82 /* Details.storyboard */,
				9370D1AA2705B1A500D12B82 /* DetailsViewController.swift */,
			);
			path = DetailsScreen;
			sourceTree = "<group>";
		};
		9370D19D27059C0100D12B82 /* LaunchScreen */ = {
			isa = PBXGroup;
			children = (
				9370D18C27059B5C00D12B82 /* LaunchScreen.storyboard */,
			);
			path = LaunchScreen;
			sourceTree = "<group>";
		};
		9370D1A52705ACF900D12B82 /* CustomTableViewCells */ = {
			isa = PBXGroup;
			children = (
				9370D1A62705AD1500D12B82 /* TrackTableViewCell.swift */,
			);
			path = CustomTableViewCells;
			sourceTree = "<group>";
		};
/* End PBXGroup section */

/* Begin PBXNativeTarget section */
		9370D17D27059B5A00D12B82 /* TopPop */ = {
			isa = PBXNativeTarget;
			buildConfigurationList = 9370D19227059B5C00D12B82 /* Build configuration list for PBXNativeTarget "TopPop" */;
			buildPhases = (
				9370D17A27059B5A00D12B82 /* Sources */,
				9370D17B27059B5A00D12B82 /* Frameworks */,
				9370D17C27059B5A00D12B82 /* Resources */,
			);
			buildRules = (
			);
			dependencies = (
			);
			name = TopPop;
			productName = TopPop;
			productReference = 9370D17E27059B5A00D12B82 /* TopPop.app */;
			productType = "com.apple.product-type.application";
		};
/* End PBXNativeTarget section */

/* Begin PBXProject section */
		9370D17627059B5A00D12B82 /* Project object */ = {
			isa = PBXProject;
			attributes = {
				BuildIndependentTargetsInParallel = 1;
				LastSwiftUpdateCheck = 1300;
				LastUpgradeCheck = 1300;
				TargetAttributes = {
					9370D17D27059B5A00D12B82 = {
						CreatedOnToolsVersion = 13.0;
					};
				};
			};
			buildConfigurationList = 9370D17927059B5A00D12B82 /* Build configuration list for PBXProject "TopPop" */;
			compatibilityVersion = "Xcode 13.0";
			developmentRegion = en;
			hasScannedForEncodings = 0;
			knownRegions = (
				en,
				Base,
			);
			mainGroup = 9370D17527059B5A00D12B82;
			productRefGroup = 9370D17F27059B5A00D12B82 /* Products */;
			projectDirPath = "";
			projectRoot = "";
			targets = (
				9370D17D27059B5A00D12B82 /* TopPop */,
			);
		};
/* End PBXProject section */

/* Begin PBXResourcesBuildPhase section */
		9370D17C27059B5A00D12B82 /* Resources */ = {
			isa = PBXResourcesBuildPhase;
			buildActionMask = 2147483647;
			files = (
				9370D18E27059B5C00D12B82 /* LaunchScreen.storyboard in Resources */,
				9370D18B27059B5C00D12B82 /* Assets.xcassets in Resources */,
				9370D18927059B5A00D12B82 /* Home.storyboard in Resources */,
				9370D1A92705B18C00D12B82 /* Details.storyboard in Resources */,
			);
			runOnlyForDeploymentPostprocessing = 0;
		};
/* End PBXResourcesBuildPhase section */

/* Begin PBXSourcesBuildPhase section */
		9370D17A27059B5A00D12B82 /* Sources */ = {
			isa = PBXSourcesBuildPhase;
			buildActionMask = 2147483647;
			files = (
				9370D19F2705A21600D12B82 /* NetworkController.swift in Sources */,
				9370D18627059B5A00D12B82 /* HomeViewController.swift in Sources */,
				9370D18227059B5A00D12B82 /* AppDelegate.swift in Sources */,
				9370D1AB2705B1A500D12B82 /* DetailsViewController.swift in Sources */,
				9370D1A32705A53C00D12B82 /* ErrorResponse.swift in Sources */,
				9370D1A12705A27800D12B82 /* ChartTracksResponse.swift in Sources */,
				9370D18427059B5A00D12B82 /* SceneDelegate.swift in Sources */,
				9370D1AD2705B84000D12B82 /* UIView+Modifications.swift in Sources */,
				9370D1A72705AD1500D12B82 /* TrackTableViewCell.swift in Sources */,
			);
			runOnlyForDeploymentPostprocessing = 0;
		};
/* End PBXSourcesBuildPhase section */

/* Begin PBXVariantGroup section */
		9370D18727059B5A00D12B82 /* Home.storyboard */ = {
			isa = PBXVariantGroup;
			children = (
				9370D18827059B5A00D12B82 /* Base */,
			);
			name = Home.storyboard;
			sourceTree = "<group>";
		};
		9370D18C27059B5C00D12B82 /* LaunchScreen.storyboard */ = {
			isa = PBXVariantGroup;
			children = (
				9370D18D27059B5C00D12B82 /* Base */,
			);
			name = LaunchScreen.storyboard;
			sourceTree = "<group>";
		};
/* End PBXVariantGroup section */

/* Begin XCBuildConfiguration section */
		9370D19027059B5C00D12B82 /* Debug */ = {
			isa = XCBuildConfiguration;
			buildSettings = {
				ALWAYS_SEARCH_USER_PATHS = NO;
				CLANG_ANALYZER_NONNULL = YES;
				CLANG_ANALYZER_NUMBER_OBJECT_CONVERSION = YES_AGGRESSIVE;
				CLANG_CXX_LANGUAGE_STANDARD = "gnu++17";
				CLANG_CXX_LIBRARY = "libc++";
				CLANG_ENABLE_MODULES = YES;
				CLANG_ENABLE_OBJC_ARC = YES;
				CLANG_ENABLE_OBJC_WEAK = YES;
				CLANG_WARN_BLOCK_CAPTURE_AUTORELEASING = YES;
				CLANG_WARN_BOOL_CONVERSION = YES;
				CLANG_WARN_COMMA = YES;
				CLANG_WARN_CONSTANT_CONVERSION = YES;
				CLANG_WARN_DEPRECATED_OBJC_IMPLEMENTATIONS = YES;
				CLANG_WARN_DIRECT_OBJC_ISA_USAGE = YES_ERROR;
				CLANG_WARN_DOCUMENTATION_COMMENTS = YES;
				CLANG_WARN_EMPTY_BODY = YES;
				CLANG_WARN_ENUM_CONVERSION = YES;
				CLANG_WARN_INFINITE_RECURSION = YES;
				CLANG_WARN_INT_CONVERSION = YES;
				CLANG_WARN_NON_LITERAL_NULL_CONVERSION = YES;
				CLANG_WARN_OBJC_IMPLICIT_RETAIN_SELF = YES;
				CLANG_WARN_OBJC_LITERAL_CONVERSION = YES;
				CLANG_WARN_OBJC_ROOT_CLASS = YES_ERROR;
				CLANG_WARN_QUOTED_INCLUDE_IN_FRAMEWORK_HEADER = YES;
				CLANG_WARN_RANGE_LOOP_ANALYSIS = YES;
				CLANG_WARN_STRICT_PROTOTYPES = YES;
				CLANG_WARN_SUSPICIOUS_MOVE = YES;
				CLANG_WARN_UNGUARDED_AVAILABILITY = YES_AGGRESSIVE;
				CLANG_WARN_UNREACHABLE_CODE = YES;
				CLANG_WARN__DUPLICATE_METHOD_MATCH = YES;
				COPY_PHASE_STRIP = NO;
				DEBUG_INFORMATION_FORMAT = dwarf;
				ENABLE_STRICT_OBJC_MSGSEND = YES;
				ENABLE_TESTABILITY = YES;
				GCC_C_LANGUAGE_STANDARD = gnu11;
				GCC_DYNAMIC_NO_PIC = NO;
				GCC_NO_COMMON_BLOCKS = YES;
				GCC_OPTIMIZATION_LEVEL = 0;
				GCC_PREPROCESSOR_DEFINITIONS = (
					"DEBUG=1",
					"$(inherited)",
				);
				GCC_WARN_64_TO_32_BIT_CONVERSION = YES;
				GCC_WARN_ABOUT_RETURN_TYPE = YES_ERROR;
				GCC_WARN_UNDECLARED_SELECTOR = YES;
				GCC_WARN_UNINITIALIZED_AUTOS = YES_AGGRESSIVE;
				GCC_WARN_UNUSED_FUNCTION = YES;
				GCC_WARN_UNUSED_VARIABLE = YES;
				IPHONEOS_DEPLOYMENT_TARGET = 15.0;
				MTL_ENABLE_DEBUG_INFO = INCLUDE_SOURCE;
				MTL_FAST_MATH = YES;
				ONLY_ACTIVE_ARCH = YES;
				SDKROOT = iphoneos;
				SWIFT_ACTIVE_COMPILATION_CONDITIONS = DEBUG;
				SWIFT_OPTIMIZATION_LEVEL = "-Onone";
			};
			name = Debug;
		};
		9370D19127059B5C00D12B82 /* Release */ = {
			isa = XCBuildConfiguration;
			buildSettings = {
				ALWAYS_SEARCH_USER_PATHS = NO;
				CLANG_ANALYZER_NONNULL = YES;
				CLANG_ANALYZER_NUMBER_OBJECT_CONVERSION = YES_AGGRESSIVE;
				CLANG_CXX_LANGUAGE_STANDARD = "gnu++17";
				CLANG_CXX_LIBRARY = "libc++";
				CLANG_ENABLE_MODULES = YES;
				CLANG_ENABLE_OBJC_ARC = YES;
				CLANG_ENABLE_OBJC_WEAK = YES;
				CLANG_WARN_BLOCK_CAPTURE_AUTORELEASING = YES;
				CLANG_WARN_BOOL_CONVERSION = YES;
				CLANG_WARN_COMMA = YES;
				CLANG_WARN_CONSTANT_CONVERSION = YES;
				CLANG_WARN_DEPRECATED_OBJC_IMPLEMENTATIONS = YES;
				CLANG_WARN_DIRECT_OBJC_ISA_USAGE = YES_ERROR;
				CLANG_WARN_DOCUMENTATION_COMMENTS = YES;
				CLANG_WARN_EMPTY_BODY = YES;
				CLANG_WARN_ENUM_CONVERSION = YES;
				CLANG_WARN_INFINITE_RECURSION = YES;
				CLANG_WARN_INT_CONVERSION = YES;
				CLANG_WARN_NON_LITERAL_NULL_CONVERSION = YES;
				CLANG_WARN_OBJC_IMPLICIT_RETAIN_SELF = YES;
				CLANG_WARN_OBJC_LITERAL_CONVERSION = YES;
				CLANG_WARN_OBJC_ROOT_CLASS = YES_ERROR;
				CLANG_WARN_QUOTED_INCLUDE_IN_FRAMEWORK_HEADER = YES;
				CLANG_WARN_RANGE_LOOP_ANALYSIS = YES;
				CLANG_WARN_STRICT_PROTOTYPES = YES;
				CLANG_WARN_SUSPICIOUS_MOVE = YES;
				CLANG_WARN_UNGUARDED_AVAILABILITY = YES_AGGRESSIVE;
				CLANG_WARN_UNREACHABLE_CODE = YES;
				CLANG_WARN__DUPLICATE_METHOD_MATCH = YES;
				COPY_PHASE_STRIP = NO;
				DEBUG_INFORMATION_FORMAT = "dwarf-with-dsym";
				ENABLE_NS_ASSERTIONS = NO;
				ENABLE_STRICT_OBJC_MSGSEND = YES;
				GCC_C_LANGUAGE_STANDARD = gnu11;
				GCC_NO_COMMON_BLOCKS = YES;
				GCC_WARN_64_TO_32_BIT_CONVERSION = YES;
				GCC_WARN_ABOUT_RETURN_TYPE = YES_ERROR;
				GCC_WARN_UNDECLARED_SELECTOR = YES;
				GCC_WARN_UNINITIALIZED_AUTOS = YES_AGGRESSIVE;
				GCC_WARN_UNUSED_FUNCTION = YES;
				GCC_WARN_UNUSED_VARIABLE = YES;
				IPHONEOS_DEPLOYMENT_TARGET = 15.0;
				MTL_ENABLE_DEBUG_INFO = NO;
				MTL_FAST_MATH = YES;
				SDKROOT = iphoneos;
				SWIFT_COMPILATION_MODE = wholemodule;
				SWIFT_OPTIMIZATION_LEVEL = "-O";
				VALIDATE_PRODUCT = YES;
			};
			name = Release;
		};
		9370D19327059B5C00D12B82 /* Debug */ = {
			isa = XCBuildConfiguration;
			buildSettings = {
				ASSETCATALOG_COMPILER_APPICON_NAME = AppIcon;
				ASSETCATALOG_COMPILER_GLOBAL_ACCENT_COLOR_NAME = AccentColor;
				CODE_SIGN_STYLE = Automatic;
				CURRENT_PROJECT_VERSION = 1;
				DEVELOPMENT_TEAM = 3GR8A5V8R6;
				GENERATE_INFOPLIST_FILE = YES;
				INFOPLIST_FILE = "TopPop/Supporting Files/Info.plist";
				INFOPLIST_KEY_UIApplicationSupportsIndirectInputEvents = YES;
				INFOPLIST_KEY_UILaunchStoryboardName = LaunchScreen;
				INFOPLIST_KEY_UIMainStoryboardFile = Home;
				INFOPLIST_KEY_UISupportedInterfaceOrientations_iPad = "UIInterfaceOrientationPortrait UIInterfaceOrientationPortraitUpsideDown UIInterfaceOrientationLandscapeLeft UIInterfaceOrientationLandscapeRight";
				INFOPLIST_KEY_UISupportedInterfaceOrientations_iPhone = "UIInterfaceOrientationPortrait UIInterfaceOrientationLandscapeLeft UIInterfaceOrientationLandscapeRight";
				LD_RUNPATH_SEARCH_PATHS = (
					"$(inherited)",
					"@executable_path/Frameworks",
				);
				MARKETING_VERSION = 1.0;
				PRODUCT_BUNDLE_IDENTIFIER = com.nikola.TopPop;
				PRODUCT_NAME = "$(TARGET_NAME)";
				SWIFT_EMIT_LOC_STRINGS = YES;
				SWIFT_VERSION = 5.0;
				TARGETED_DEVICE_FAMILY = "1,2";
			};
			name = Debug;
		};
		9370D19427059B5C00D12B82 /* Release */ = {
			isa = XCBuildConfiguration;
			buildSettings = {
				ASSETCATALOG_COMPILER_APPICON_NAME = AppIcon;
				ASSETCATALOG_COMPILER_GLOBAL_ACCENT_COLOR_NAME = AccentColor;
				CODE_SIGN_STYLE = Automatic;
				CURRENT_PROJECT_VERSION = 1;
				DEVELOPMENT_TEAM = 3GR8A5V8R6;
				GENERATE_INFOPLIST_FILE = YES;
				INFOPLIST_FILE = "TopPop/Supporting Files/Info.plist";
				INFOPLIST_KEY_UIApplicationSupportsIndirectInputEvents = YES;
				INFOPLIST_KEY_UILaunchStoryboardName = LaunchScreen;
				INFOPLIST_KEY_UIMainStoryboardFile = Home;
				INFOPLIST_KEY_UISupportedInterfaceOrientations_iPad = "UIInterfaceOrientationPortrait UIInterfaceOrientationPortraitUpsideDown UIInterfaceOrientationLandscapeLeft UIInterfaceOrientationLandscapeRight";
				INFOPLIST_KEY_UISupportedInterfaceOrientations_iPhone = "UIInterfaceOrientationPortrait UIInterfaceOrientationLandscapeLeft UIInterfaceOrientationLandscapeRight";
				LD_RUNPATH_SEARCH_PATHS = (
					"$(inherited)",
					"@executable_path/Frameworks",
				);
				MARKETING_VERSION = 1.0;
				PRODUCT_BUNDLE_IDENTIFIER = com.nikola.TopPop;
				PRODUCT_NAME = "$(TARGET_NAME)";
				SWIFT_EMIT_LOC_STRINGS = YES;
				SWIFT_VERSION = 5.0;
				TARGETED_DEVICE_FAMILY = "1,2";
			};
			name = Release;
		};
/* End XCBuildConfiguration section */

/* Begin XCConfigurationList section */
		9370D17927059B5A00D12B82 /* Build configuration list for PBXProject "TopPop" */ = {
			isa = XCConfigurationList;
			buildConfigurations = (
				9370D19027059B5C00D12B82 /* Debug */,
				9370D19127059B5C00D12B82 /* Release */,
			);
			defaultConfigurationIsVisible = 0;
			defaultConfigurationName = Release;
		};
		9370D19227059B5C00D12B82 /* Build configuration list for PBXNativeTarget "TopPop" */ = {
			isa = XCConfigurationList;
			buildConfigurations = (
				9370D19327059B5C00D12B82 /* Debug */,
				9370D19427059B5C00D12B82 /* Release */,
			);
			defaultConfigurationIsVisible = 0;
			defaultConfigurationName = Release;
		};
/* End XCConfigurationList section */
	};
	rootObject = 9370D17627059B5A00D12B82 /* Project object */;
}
